
Microsoft Visual Studio Solution File, Format Version 12.00
# Visual Studio Version 17
VisualStudioVersion = 17.7.34009.444
MinimumVisualStudioVersion = 10.0.40219.1
Project("{FAE04EC0-301F-11D3-BF4B-00C04F79EFBC}") = "Useful_Autoclicker", "Useful_Autoclicker.csproj", "{26750722-5B0A-409D-88B4-1ACDE1E6D3BB}"
EndProject
Global
	GlobalSection(SolutionConfigurationPlatforms) = preSolution
		Debug|Any CPU = Debug|Any CPU
		Release|Any CPU = Release|Any CPU
	EndGlobalSection
	GlobalSection(ProjectConfigurationPlatforms) = postSolution
		{26750722-5B0A-409D-88B4-1ACDE1E6D3BB}.Debug|Any CPU.ActiveCfg = Debug|Any CPU
		{26750722-5B0A-409D-88B4-1ACDE1E6D3BB}.Debug|Any CPU.Build.0 = Debug|Any CPU
		{26750722-5B0A-409D-88B4-1ACDE1E6D3BB}.Release|Any CPU.ActiveCfg = Release|Any CPU
		{26750722-5B0A-409D-88B4-1ACDE1E6D3BB}.Release|Any CPU.Build.0 = Release|Any CPU
	EndGlobalSection
	GlobalSection(SolutionProperties) = preSolution
		HideSolutionNode = FALSE
	EndGlobalSection
	GlobalSection(ExtensibilityGlobals) = postSolution
		SolutionGuid = {110049F1-03D1-48D0-A76E-83CF46CC82A1}
	EndGlobalSection
EndGlobal
